// !$*UTF8*$!
{
	archiveVersion = 1;
	classes = {
	};
	objectVersion = 45;
	objects = {

/* Begin PBXBuildFile section */
		1D60589B0D05DD56006BFB54 /* main.m in Sources */ = {isa = PBXBuildFile; fileRef = 29B97316FDCFA39411CA2CEA /* main.m */; };
		1D60589F0D05DD5A006BFB54 /* Foundation.framework in Frameworks */ = {isa = PBXBuildFile; fileRef = 1D30AB110D05D00D00671497 /* Foundation.framework */; };
		1DF5F4E00D08C38300B7A737 /* UIKit.framework in Frameworks */ = {isa = PBXBuildFile; fileRef = 1DF5F4DF0D08C38300B7A737 /* UIKit.framework */; };
		288765FD0DF74451002DB57D /* CoreGraphics.framework in Frameworks */ = {isa = PBXBuildFile; fileRef = 288765FC0DF74451002DB57D /* CoreGraphics.framework */; };
		3A741AD811E5D932007CA229 /* AKOCustomFontLabel.m in Sources */ = {isa = PBXBuildFile; fileRef = 3A741AD711E5D932007CA229 /* AKOCustomFontLabel.m */; };
		3A741B2411E5DF73007CA229 /* Polsku.ttf in Resources */ = {isa = PBXBuildFile; fileRef = 3A741B2311E5DF73007CA229 /* Polsku.ttf */; };
		3ACEB36E11E5CF6C005316CD /* CoreTextWrapperAppDelegate.m in Sources */ = {isa = PBXBuildFile; fileRef = 3ACEB36C11E5CF6C005316CD /* CoreTextWrapperAppDelegate.m */; };
		3ACEB37211E5CF78005316CD /* MainWindow.xib in Resources */ = {isa = PBXBuildFile; fileRef = 3ACEB37111E5CF78005316CD /* MainWindow.xib */; };
		3ACEB37B11E5CF9A005316CD /* NSString+BundleExtensions.m in Sources */ = {isa = PBXBuildFile; fileRef = 3ACEB37811E5CF9A005316CD /* NSString+BundleExtensions.m */; };
		3ACEB37C11E5CF9A005316CD /* UIFont+CoreTextExtensions.m in Sources */ = {isa = PBXBuildFile; fileRef = 3ACEB37A11E5CF9A005316CD /* UIFont+CoreTextExtensions.m */; };
		3ACEB38311E5CFC1005316CD /* CoreText.framework in Frameworks */ = {isa = PBXBuildFile; fileRef = 3ACEB38211E5CFC1005316CD /* CoreText.framework */; };
		3ACEB39311E5CFD4005316CD /* AKOMultiColumnTextView.m in Sources */ = {isa = PBXBuildFile; fileRef = 3ACEB39011E5CFD4005316CD /* AKOMultiColumnTextView.m */; };
		3ACEB39411E5CFD4005316CD /* AKOMultiPageTextView.m in Sources */ = {isa = PBXBuildFile; fileRef = 3ACEB39211E5CFD4005316CD /* AKOMultiPageTextView.m */; };
		3ACEB3A211E5D070005316CD /* PageController.m in Sources */ = {isa = PBXBuildFile; fileRef = 3ACEB3A011E5D070005316CD /* PageController.m */; };
		3ACEB3A611E5D0FA005316CD /* lorem_ipsum.txt in Resources */ = {isa = PBXBuildFile; fileRef = 3ACEB3A511E5D0FA005316CD /* lorem_ipsum.txt */; };
		3ACEB3A811E5D104005316CD /* PageController.xib in Resources */ = {isa = PBXBuildFile; fileRef = 3ACEB3A711E5D104005316CD /* PageController.xib */; };
/* End PBXBuildFile section */

/* Begin PBXFileReference section */
		1D30AB110D05D00D00671497 /* Foundation.framework */ = {isa = PBXFileReference; lastKnownFileType = wrapper.framework; name = Foundation.framework; path = System/Library/Frameworks/Foundation.framework; sourceTree = SDKROOT; };
		1D6058910D05DD3D006BFB54 /* CoreTextWrapper.app */ = {isa = PBXFileReference; explicitFileType = wrapper.application; includeInIndex = 0; path = CoreTextWrapper.app; sourceTree = BUILT_PRODUCTS_DIR; };
		1DF5F4DF0D08C38300B7A737 /* UIKit.framework */ = {isa = PBXFileReference; lastKnownFileType = wrapper.framework; name = UIKit.framework; path = System/Library/Frameworks/UIKit.framework; sourceTree = SDKROOT; };
		288765FC0DF74451002DB57D /* CoreGraphics.framework */ = {isa = PBXFileReference; lastKnownFileType = wrapper.framework; name = CoreGraphics.framework; path = System/Library/Frameworks/CoreGraphics.framework; sourceTree = SDKROOT; };
		29B97316FDCFA39411CA2CEA /* main.m */ = {isa = PBXFileReference; fileEncoding = 4; lastKnownFileType = sourcecode.c.objc; path = main.m; sourceTree = "<group>"; };
		32CA4F630368D1EE00C91783 /* CoreTextWrapper_Prefix.pch */ = {isa = PBXFileReference; fileEncoding = 4; lastKnownFileType = sourcecode.c.h; path = CoreTextWrapper_Prefix.pch; sourceTree = "<group>"; };
		3A741AD611E5D932007CA229 /* AKOCustomFontLabel.h */ = {isa = PBXFileReference; fileEncoding = 4; lastKnownFileType = sourcecode.c.h; path = AKOCustomFontLabel.h; sourceTree = "<group>"; };
		3A741AD711E5D932007CA229 /* AKOCustomFontLabel.m */ = {isa = PBXFileReference; fileEncoding = 4; lastKnownFileType = sourcecode.c.objc; path = AKOCustomFontLabel.m; sourceTree = "<group>"; };
		3A741B2311E5DF73007CA229 /* Polsku.ttf */ = {isa = PBXFileReference; lastKnownFileType = file; path = Polsku.ttf; sourceTree = "<group>"; };
		3ACEB36B11E5CF6C005316CD /* CoreTextWrapperAppDelegate.h */ = {isa = PBXFileReference; fileEncoding = 4; lastKnownFileType = sourcecode.c.h; path = CoreTextWrapperAppDelegate.h; sourceTree = "<group>"; };
		3ACEB36C11E5CF6C005316CD /* CoreTextWrapperAppDelegate.m */ = {isa = PBXFileReference; fileEncoding = 4; lastKnownFileType = sourcecode.c.objc; path = CoreTextWrapperAppDelegate.m; sourceTree = "<group>"; };
		3ACEB37111E5CF78005316CD /* MainWindow.xib */ = {isa = PBXFileReference; lastKnownFileType = file.xib; path = MainWindow.xib; sourceTree = "<group>"; };
		3ACEB37711E5CF9A005316CD /* NSString+BundleExtensions.h */ = {isa = PBXFileReference; fileEncoding = 4; lastKnownFileType = sourcecode.c.h; path = "NSString+BundleExtensions.h"; sourceTree = "<group>"; };
		3ACEB37811E5CF9A005316CD /* NSString+BundleExtensions.m */ = {isa = PBXFileReference; fileEncoding = 4; lastKnownFileType = sourcecode.c.objc; path = "NSString+BundleExtensions.m"; sourceTree = "<group>"; };
		3ACEB37911E5CF9A005316CD /* UIFont+CoreTextExtensions.h */ = {isa = PBXFileReference; fileEncoding = 4; lastKnownFileType = sourcecode.c.h; path = "UIFont+CoreTextExtensions.h"; sourceTree = "<group>"; };
		3ACEB37A11E5CF9A005316CD /* UIFont+CoreTextExtensions.m */ = {isa = PBXFileReference; fileEncoding = 4; lastKnownFileType = sourcecode.c.objc; path = "UIFont+CoreTextExtensions.m"; sourceTree = "<group>"; };
		3ACEB38211E5CFC1005316CD /* CoreText.framework */ = {isa = PBXFileReference; lastKnownFileType = wrapper.framework; name = CoreText.framework; path = System/Library/Frameworks/CoreText.framework; sourceTree = SDKROOT; };
		3ACEB38F11E5CFD4005316CD /* AKOMultiColumnTextView.h */ = {isa = PBXFileReference; fileEncoding = 4; lastKnownFileType = sourcecode.c.h; path = AKOMultiColumnTextView.h; sourceTree = "<group>"; };
		3ACEB39011E5CFD4005316CD /* AKOMultiColumnTextView.m */ = {isa = PBXFileReference; fileEncoding = 4; lastKnownFileType = sourcecode.c.objc; path = AKOMultiColumnTextView.m; sourceTree = "<group>"; };
		3ACEB39111E5CFD4005316CD /* AKOMultiPageTextView.h */ = {isa = PBXFileReference; fileEncoding = 4; lastKnownFileType = sourcecode.c.h; path = AKOMultiPageTextView.h; sourceTree = "<group>"; };
		3ACEB39211E5CFD4005316CD /* AKOMultiPageTextView.m */ = {isa = PBXFileReference; fileEncoding = 4; lastKnownFileType = sourcecode.c.objc; path = AKOMultiPageTextView.m; sourceTree = "<group>"; };
		3ACEB39F11E5D070005316CD /* PageController.h */ = {isa = PBXFileReference; fileEncoding = 4; lastKnownFileType = sourcecode.c.h; path = PageController.h; sourceTree = "<group>"; };
		3ACEB3A011E5D070005316CD /* PageController.m */ = {isa = PBXFileReference; fileEncoding = 4; lastKnownFileType = sourcecode.c.objc; path = PageController.m; sourceTree = "<group>"; };
		3ACEB3A511E5D0FA005316CD /* lorem_ipsum.txt */ = {isa = PBXFileReference; fileEncoding = 4; lastKnownFileType = text; path = lorem_ipsum.txt; sourceTree = "<group>"; };
		3ACEB3A711E5D104005316CD /* PageController.xib */ = {isa = PBXFileReference; lastKnownFileType = file.xib; path = PageController.xib; sourceTree = "<group>"; };
		3ACEB3A911E5D112005316CD /* Entitlements.plist */ = {isa = PBXFileReference; fileEncoding = 4; lastKnownFileType = text.plist.xml; path = Entitlements.plist; sourceTree = "<group>"; };
		8D1107310486CEB800E47090 /* CoreTextWrapper-Info.plist */ = {isa = PBXFileReference; fileEncoding = 4; lastKnownFileType = text.plist.xml; name = "CoreTextWrapper-Info.plist"; path = "../CoreTextWrapper-Info.plist"; plistStructureDefinitionIdentifier = "com.apple.xcode.plist.structure-definition.iphone.info-plist"; sourceTree = "<group>"; };
/* End PBXFileReference section */

/* Begin PBXFrameworksBuildPhase section */
		1D60588F0D05DD3D006BFB54 /* Frameworks */ = {
			isa = PBXFrameworksBuildPhase;
			buildActionMask = 2147483647;
			files = (
				1D60589F0D05DD5A006BFB54 /* Foundation.framework in Frameworks */,
				1DF5F4E00D08C38300B7A737 /* UIKit.framework in Frameworks */,
				288765FD0DF74451002DB57D /* CoreGraphics.framework in Frameworks */,
				3ACEB38311E5CFC1005316CD /* CoreText.framework in Frameworks */,
			);
			runOnlyForDeploymentPostprocessing = 0;
		};
/* End PBXFrameworksBuildPhase section */

/* Begin PBXGroup section */
		19C28FACFE9D520D11CA2CBB /* Products */ = {
			isa = PBXGroup;
			children = (
				1D6058910D05DD3D006BFB54 /* CoreTextWrapper.app */,
			);
			name = Products;
			sourceTree = "<group>";
		};
		29B97314FDCFA39411CA2CEA /* CustomTemplate */ = {
			isa = PBXGroup;
			children = (
				3ACEB36911E5CF6C005316CD /* Classes */,
				3ACEB36F11E5CF78005316CD /* Resources */,
				29B97315FDCFA39411CA2CEA /* Other Sources */,
				29B97323FDCFA39411CA2CEA /* Frameworks */,
				19C28FACFE9D520D11CA2CBB /* Products */,
			);
			name = CustomTemplate;
			sourceTree = "<group>";
		};
		29B97315FDCFA39411CA2CEA /* Other Sources */ = {
			isa = PBXGroup;
			children = (
				32CA4F630368D1EE00C91783 /* CoreTextWrapper_Prefix.pch */,
				29B97316FDCFA39411CA2CEA /* main.m */,
			);
			name = "Other Sources";
			sourceTree = "<group>";
		};
		29B97323FDCFA39411CA2CEA /* Frameworks */ = {
			isa = PBXGroup;
			children = (
				3ACEB38211E5CFC1005316CD /* CoreText.framework */,
				1DF5F4DF0D08C38300B7A737 /* UIKit.framework */,
				1D30AB110D05D00D00671497 /* Foundation.framework */,
				288765FC0DF74451002DB57D /* CoreGraphics.framework */,
			);
			name = Frameworks;
			sourceTree = "<group>";
		};
		3A741B2211E5DF73007CA229 /* Fonts */ = {
			isa = PBXGroup;
			children = (
				3A741B2311E5DF73007CA229 /* Polsku.ttf */,
			);
			path = Fonts;
			sourceTree = "<group>";
		};
		3ACEB36911E5CF6C005316CD /* Classes */ = {
			isa = PBXGroup;
			children = (
				3ACEB36A11E5CF6C005316CD /* AppDelegate */,
				3ACEB36D11E5CF6C005316CD /* Controllers */,
				3ACEB37511E5CF9A005316CD /* Helpers */,
				3ACEB38E11E5CFD4005316CD /* Views */,
			);
			path = Classes;
			sourceTree = "<group>";
		};
		3ACEB36A11E5CF6C005316CD /* AppDelegate */ = {
			isa = PBXGroup;
			children = (
				3ACEB36B11E5CF6C005316CD /* CoreTextWrapperAppDelegate.h */,
				3ACEB36C11E5CF6C005316CD /* CoreTextWrapperAppDelegate.m */,
			);
			path = AppDelegate;
			sourceTree = "<group>";
		};
		3ACEB36D11E5CF6C005316CD /* Controllers */ = {
			isa = PBXGroup;
			children = (
				3ACEB39F11E5D070005316CD /* PageController.h */,
				3ACEB3A011E5D070005316CD /* PageController.m */,
			);
			path = Controllers;
			sourceTree = "<group>";
		};
		3ACEB36F11E5CF78005316CD /* Resources */ = {
			isa = PBXGroup;
			children = (
				8D1107310486CEB800E47090 /* CoreTextWrapper-Info.plist */,
				3ACEB3A911E5D112005316CD /* Entitlements.plist */,
				3A741B2211E5DF73007CA229 /* Fonts */,
				3ACEB37011E5CF78005316CD /* NIBs */,
				3ACEB3A411E5D0FA005316CD /* Strings */,
			);
			path = Resources;
			sourceTree = "<group>";
		};
		3ACEB37011E5CF78005316CD /* NIBs */ = {
			isa = PBXGroup;
			children = (
				3ACEB37111E5CF78005316CD /* MainWindow.xib */,
				3ACEB3A711E5D104005316CD /* PageController.xib */,
			);
			path = NIBs;
			sourceTree = "<group>";
		};
		3ACEB37511E5CF9A005316CD /* Helpers */ = {
			isa = PBXGroup;
			children = (
				3ACEB37611E5CF9A005316CD /* Categories */,
			);
			path = Helpers;
			sourceTree = "<group>";
		};
		3ACEB37611E5CF9A005316CD /* Categories */ = {
			isa = PBXGroup;
			children = (
				3ACEB37711E5CF9A005316CD /* NSString+BundleExtensions.h */,
				3ACEB37811E5CF9A005316CD /* NSString+BundleExtensions.m */,
				3ACEB37911E5CF9A005316CD /* UIFont+CoreTextExtensions.h */,
				3ACEB37A11E5CF9A005316CD /* UIFont+CoreTextExtensions.m */,
			);
			path = Categories;
			sourceTree = "<group>";
		};
		3ACEB38E11E5CFD4005316CD /* Views */ = {
			isa = PBXGroup;
			children = (
				3A741AD611E5D932007CA229 /* AKOCustomFontLabel.h */,
				3A741AD711E5D932007CA229 /* AKOCustomFontLabel.m */,
				3ACEB38F11E5CFD4005316CD /* AKOMultiColumnTextView.h */,
				3ACEB39011E5CFD4005316CD /* AKOMultiColumnTextView.m */,
				3ACEB39111E5CFD4005316CD /* AKOMultiPageTextView.h */,
				3ACEB39211E5CFD4005316CD /* AKOMultiPageTextView.m */,
			);
			path = Views;
			sourceTree = "<group>";
		};
		3ACEB3A411E5D0FA005316CD /* Strings */ = {
			isa = PBXGroup;
			children = (
				3ACEB3A511E5D0FA005316CD /* lorem_ipsum.txt */,
			);
			path = Strings;
			sourceTree = "<group>";
		};
/* End PBXGroup section */

/* Begin PBXNativeTarget section */
		1D6058900D05DD3D006BFB54 /* CoreTextWrapper */ = {
			isa = PBXNativeTarget;
			buildConfigurationList = 1D6058960D05DD3E006BFB54 /* Build configuration list for PBXNativeTarget "CoreTextWrapper" */;
			buildPhases = (
				1D60588D0D05DD3D006BFB54 /* Resources */,
				1D60588E0D05DD3D006BFB54 /* Sources */,
				1D60588F0D05DD3D006BFB54 /* Frameworks */,
			);
			buildRules = (
			);
			dependencies = (
			);
			name = CoreTextWrapper;
			productName = CoreTextWrapper;
			productReference = 1D6058910D05DD3D006BFB54 /* CoreTextWrapper.app */;
			productType = "com.apple.product-type.application";
		};
/* End PBXNativeTarget section */

/* Begin PBXProject section */
		29B97313FDCFA39411CA2CEA /* Project object */ = {
			isa = PBXProject;
			attributes = {
				ORGANIZATIONNAME = "akosma software";
			};
			buildConfigurationList = C01FCF4E08A954540054247B /* Build configuration list for PBXProject "CoreTextWrapper" */;
			compatibilityVersion = "Xcode 3.1";
			developmentRegion = English;
			hasScannedForEncodings = 1;
			knownRegions = (
				English,
				Japanese,
				French,
				German,
			);
			mainGroup = 29B97314FDCFA39411CA2CEA /* CustomTemplate */;
			projectDirPath = "";
			projectRoot = "";
			targets = (
				1D6058900D05DD3D006BFB54 /* CoreTextWrapper */,
			);
		};
/* End PBXProject section */

/* Begin PBXResourcesBuildPhase section */
		1D60588D0D05DD3D006BFB54 /* Resources */ = {
			isa = PBXResourcesBuildPhase;
			buildActionMask = 2147483647;
			files = (
				3ACEB37211E5CF78005316CD /* MainWindow.xib in Resources */,
				3ACEB3A611E5D0FA005316CD /* lorem_ipsum.txt in Resources */,
				3ACEB3A811E5D104005316CD /* PageController.xib in Resources */,
				3A741B2411E5DF73007CA229 /* Polsku.ttf in Resources */,
			);
			runOnlyForDeploymentPostprocessing = 0;
		};
/* End PBXResourcesBuildPhase section */

/* Begin PBXSourcesBuildPhase section */
		1D60588E0D05DD3D006BFB54 /* Sources */ = {
			isa = PBXSourcesBuildPhase;
			buildActionMask = 2147483647;
			files = (
				1D60589B0D05DD56006BFB54 /* main.m in Sources */,
				3ACEB36E11E5CF6C005316CD /* CoreTextWrapperAppDelegate.m in Sources */,
				3ACEB37B11E5CF9A005316CD /* NSString+BundleExtensions.m in Sources */,
				3ACEB37C11E5CF9A005316CD /* UIFont+CoreTextExtensions.m in Sources */,
				3ACEB39311E5CFD4005316CD /* AKOMultiColumnTextView.m in Sources */,
				3ACEB39411E5CFD4005316CD /* AKOMultiPageTextView.m in Sources */,
				3ACEB3A211E5D070005316CD /* PageController.m in Sources */,
				3A741AD811E5D932007CA229 /* AKOCustomFontLabel.m in Sources */,
			);
			runOnlyForDeploymentPostprocessing = 0;
		};
/* End PBXSourcesBuildPhase section */

/* Begin XCBuildConfiguration section */
		1D6058940D05DD3E006BFB54 /* Debug */ = {
			isa = XCBuildConfiguration;
			buildSettings = {
				ALWAYS_SEARCH_USER_PATHS = NO;
				CODE_SIGN_ENTITLEMENTS = "~/Desktop/CoreTextWrapper/Resources/Entitlements.plist";
				COPY_PHASE_STRIP = NO;
				GCC_DYNAMIC_NO_PIC = NO;
				GCC_OPTIMIZATION_LEVEL = 0;
				GCC_PRECOMPILE_PREFIX_HEADER = YES;
				GCC_PREFIX_HEADER = CoreTextWrapper_Prefix.pch;
				GCC_TREAT_WARNINGS_AS_ERRORS = YES;
				INFOPLIST_FILE = "CoreTextWrapper-Info.plist";
				PRODUCT_NAME = CoreTextWrapper;
			};
			name = Debug;
		};
		1D6058950D05DD3E006BFB54 /* Release */ = {
			isa = XCBuildConfiguration;
			buildSettings = {
				ALWAYS_SEARCH_USER_PATHS = NO;
				CODE_SIGN_ENTITLEMENTS = "~/Desktop/CoreTextWrapper/Resources/Entitlements.plist";
				COPY_PHASE_STRIP = YES;
				GCC_PRECOMPILE_PREFIX_HEADER = YES;
				GCC_PREFIX_HEADER = CoreTextWrapper_Prefix.pch;
				GCC_TREAT_WARNINGS_AS_ERRORS = YES;
				INFOPLIST_FILE = "CoreTextWrapper-Info.plist";
				PRODUCT_NAME = CoreTextWrapper;
				VALIDATE_PRODUCT = YES;
			};
			name = Release;
		};
		3ACEB3AB11E5D150005316CD /* DistributionAdHoc */ = {
			isa = XCBuildConfiguration;
			buildSettings = {
				ARCHS = "$(ARCHS_UNIVERSAL_IPHONE_OS)";
				"CODE_SIGN_IDENTITY[sdk=iphoneos*]" = "iPhone Developer";
				GCC_C_LANGUAGE_STANDARD = c99;
				GCC_TREAT_WARNINGS_AS_ERRORS = YES;
				GCC_WARN_ABOUT_RETURN_TYPE = YES;
				GCC_WARN_UNUSED_VARIABLE = YES;
				OTHER_CFLAGS = "-DNS_BLOCK_ASSERTIONS=1";
				PREBINDING = NO;
				SDKROOT = iphoneos;
				TARGETED_DEVICE_FAMILY = 2;
			};
			name = DistributionAdHoc;
		};
		3ACEB3AC11E5D150005316CD /* DistributionAdHoc */ = {
			isa = XCBuildConfiguration;
			buildSettings = {
				ALWAYS_SEARCH_USER_PATHS = NO;
				CODE_SIGN_ENTITLEMENTS = "~/Desktop/CoreTextWrapper/Resources/Entitlements.plist";
				COPY_PHASE_STRIP = YES;
				GCC_PRECOMPILE_PREFIX_HEADER = YES;
				GCC_PREFIX_HEADER = CoreTextWrapper_Prefix.pch;
				GCC_TREAT_WARNINGS_AS_ERRORS = YES;
				INFOPLIST_FILE = "CoreTextWrapper-Info.plist";
				PRODUCT_NAME = CoreTextWrapper;
				VALIDATE_PRODUCT = YES;
			};
			name = DistributionAdHoc;
		};
		C01FCF4F08A954540054247B /* Debug */ = {
			isa = XCBuildConfiguration;
			buildSettings = {
				ARCHS = "$(ARCHS_UNIVERSAL_IPHONE_OS)";
				"CODE_SIGN_IDENTITY[sdk=iphoneos*]" = "iPhone Developer";
				GCC_C_LANGUAGE_STANDARD = c99;
				GCC_TREAT_WARNINGS_AS_ERRORS = YES;
				GCC_WARN_ABOUT_RETURN_TYPE = YES;
				GCC_WARN_UNUSED_VARIABLE = YES;
				PREBINDING = NO;
				RUN_CLANG_STATIC_ANALYZER = YES;
				SDKROOT = iphoneos;
				TARGETED_DEVICE_FAMILY = 2;
			};
			name = Debug;
		};
		C01FCF5008A954540054247B /* Release */ = {
			isa = XCBuildConfiguration;
			buildSettings = {
				ARCHS = "$(ARCHS_UNIVERSAL_IPHONE_OS)";
				"CODE_SIGN_IDENTITY[sdk=iphoneos*]" = "iPhone Developer";
				GCC_C_LANGUAGE_STANDARD = c99;
				GCC_TREAT_WARNINGS_AS_ERRORS = YES;
				GCC_WARN_ABOUT_RETURN_TYPE = YES;
				GCC_WARN_UNUSED_VARIABLE = YES;
				OTHER_CFLAGS = "-DNS_BLOCK_ASSERTIONS=1";
				PREBINDING = NO;
				SDKROOT = iphoneos;
				TARGETED_DEVICE_FAMILY = 2;
			};
			name = Release;
		};
/* End XCBuildConfiguration section */

/* Begin XCConfigurationList section */
		1D6058960D05DD3E006BFB54 /* Build configuration list for PBXNativeTarget "CoreTextWrapper" */ = {
			isa = XCConfigurationList;
			buildConfigurations = (
				1D6058940D05DD3E006BFB54 /* Debug */,
				1D6058950D05DD3E006BFB54 /* Release */,
				3ACEB3AC11E5D150005316CD /* DistributionAdHoc */,
			);
			defaultConfigurationIsVisible = 0;
			defaultConfigurationName = Release;
		};
		C01FCF4E08A954540054247B /* Build configuration list for PBXProject "CoreTextWrapper" */ = {
			isa = XCConfigurationList;
			buildConfigurations = (
				C01FCF4F08A954540054247B /* Debug */,
				C01FCF5008A954540054247B /* Release */,
				3ACEB3AB11E5D150005316CD /* DistributionAdHoc */,
			);
			defaultConfigurationIsVisible = 0;
			defaultConfigurationName = Release;
		};
/* End XCConfigurationList section */
	};
	rootObject = 29B97313FDCFA39411CA2CEA /* Project object */;
}
